
Microsoft Visual Studio Solution File, Format Version 12.00
# Visual Studio Version 16
VisualStudioVersion = 16.0.31829.152
MinimumVisualStudioVersion = 10.0.40219.1
Project("{FAE04EC0-301F-11D3-BF4B-00C04F79EFBC}") = "AcmeShipmentRouter", "AcmeShipmentRouter.csproj", "{80E3EA02-445E-4949-849A-1008DAD010E6}"
EndProject
Project("{FAE04EC0-301F-11D3-BF4B-00C04F79EFBC}") = "AcmeShipmentRouter.Test", "..\AcmeShipmentRouter.Test\AcmeShipmentRouter.Test.csproj", "{C2F62293-7A1C-49CA-B6D1-DC53E43E9FCE}"
EndProject
Global
	GlobalSection(SolutionConfigurationPlatforms) = preSolution
		Debug|Any CPU = Debug|Any CPU
		Release|Any CPU = Release|Any CPU
	EndGlobalSection
	GlobalSection(ProjectConfigurationPlatforms) = postSolution
		{80E3EA02-445E-4949-849A-1008DAD010E6}.Debug|Any CPU.ActiveCfg = Debug|Any CPU
		{80E3EA02-445E-4949-849A-1008DAD010E6}.Debug|Any CPU.Build.0 = Debug|Any CPU
		{80E3EA02-445E-4949-849A-1008DAD010E6}.Release|Any CPU.ActiveCfg = Release|Any CPU
		{80E3EA02-445E-4949-849A-1008DAD010E6}.Release|Any CPU.Build.0 = Release|Any CPU
		{C2F62293-7A1C-49CA-B6D1-DC53E43E9FCE}.Debug|Any CPU.ActiveCfg = Debug|Any CPU
		{C2F62293-7A1C-49CA-B6D1-DC53E43E9FCE}.Debug|Any CPU.Build.0 = Debug|Any CPU
		{C2F62293-7A1C-49CA-B6D1-DC53E43E9FCE}.Release|Any CPU.ActiveCfg = Release|Any CPU
		{C2F62293-7A1C-49CA-B6D1-DC53E43E9FCE}.Release|Any CPU.Build.0 = Release|Any CPU
	EndGlobalSection
	GlobalSection(SolutionProperties) = preSolution
		HideSolutionNode = FALSE
	EndGlobalSection
	GlobalSection(ExtensibilityGlobals) = postSolution
		SolutionGuid = {D7DEEE3F-6CD2-4166-8911-D1B335678897}
	EndGlobalSection
EndGlobal
